// !$*UTF8*$!
{
	archiveVersion = 1;
	classes = {
	};
	objectVersion = 46;
	objects = {

/* Begin PBXBuildFile section */
		E8203C8320933AE8008C4EA8 /* expat.h in Headers */ = {isa = PBXBuildFile; fileRef = E8203C8220933AE8008C4EA8 /* expat.h */; settings = {ATTRIBUTES = (Public, ); }; };
		E8203C8620933B03008C4EA8 /* Expat.swift in Sources */ = {isa = PBXBuildFile; fileRef = E8203C8420933B03008C4EA8 /* Expat.swift */; };
		E8203C8720933B03008C4EA8 /* SwiftExtensions.swift in Sources */ = {isa = PBXBuildFile; fileRef = E8203C8520933B03008C4EA8 /* SwiftExtensions.swift */; };
		E8203C8A20933B20008C4EA8 /* Changes in Resources */ = {isa = PBXBuildFile; fileRef = E8203C8820933B1F008C4EA8 /* Changes */; };
		E8203C8B20933B20008C4EA8 /* COPYING in Resources */ = {isa = PBXBuildFile; fileRef = E8203C8920933B1F008C4EA8 /* COPYING */; };
		E8203C9020933B3B008C4EA8 /* latin1tab.h in Headers */ = {isa = PBXBuildFile; fileRef = E8203C8C20933B3B008C4EA8 /* latin1tab.h */; };
		E8203C9120933B3B008C4EA8 /* asciitab.h in Headers */ = {isa = PBXBuildFile; fileRef = E8203C8D20933B3B008C4EA8 /* asciitab.h */; };
		E8203C9220933B3B008C4EA8 /* iasciitab.h in Headers */ = {isa = PBXBuildFile; fileRef = E8203C8E20933B3B008C4EA8 /* iasciitab.h */; };
		E8203C9320933B3B008C4EA8 /* utf8tab.h in Headers */ = {isa = PBXBuildFile; fileRef = E8203C8F20933B3B008C4EA8 /* utf8tab.h */; };
		E8203CA120933B62008C4EA8 /* xmltok.h in Headers */ = {isa = PBXBuildFile; fileRef = E8203C9420933B61008C4EA8 /* xmltok.h */; };
		E8203CA220933B62008C4EA8 /* expat_config.h in Headers */ = {isa = PBXBuildFile; fileRef = E8203C9520933B61008C4EA8 /* expat_config.h */; };
		E8203CA320933B62008C4EA8 /* xmltok_impl.c in Sources */ = {isa = PBXBuildFile; fileRef = E8203C9620933B61008C4EA8 /* xmltok_impl.c */; };
		E8203CA420933B62008C4EA8 /* xmltok_ns.c in Sources */ = {isa = PBXBuildFile; fileRef = E8203C9720933B61008C4EA8 /* xmltok_ns.c */; };
		E8203CA520933B62008C4EA8 /* internal.h in Headers */ = {isa = PBXBuildFile; fileRef = E8203C9820933B61008C4EA8 /* internal.h */; };
		E8203CA620933B62008C4EA8 /* expat_external.h in Headers */ = {isa = PBXBuildFile; fileRef = E8203C9920933B61008C4EA8 /* expat_external.h */; settings = {ATTRIBUTES = (Public, ); }; };
		E8203CA720933B62008C4EA8 /* xmlrole.c in Sources */ = {isa = PBXBuildFile; fileRef = E8203C9A20933B61008C4EA8 /* xmlrole.c */; };
		E8203CA820933B62008C4EA8 /* xmlrole.h in Headers */ = {isa = PBXBuildFile; fileRef = E8203C9B20933B61008C4EA8 /* xmlrole.h */; };
		E8203CA920933B62008C4EA8 /* ascii.h in Headers */ = {isa = PBXBuildFile; fileRef = E8203C9C20933B61008C4EA8 /* ascii.h */; };
		E8203CAA20933B62008C4EA8 /* nametab.h in Headers */ = {isa = PBXBuildFile; fileRef = E8203C9D20933B61008C4EA8 /* nametab.h */; };
		E8203CAB20933B62008C4EA8 /* xmltok_impl.h in Headers */ = {isa = PBXBuildFile; fileRef = E8203C9E20933B61008C4EA8 /* xmltok_impl.h */; };
		E8203CAC20933B62008C4EA8 /* xmltok.c in Sources */ = {isa = PBXBuildFile; fileRef = E8203C9F20933B61008C4EA8 /* xmltok.c */; };
		E8203CAD20933B62008C4EA8 /* xmlparse.c in Sources */ = {isa = PBXBuildFile; fileRef = E8203CA020933B62008C4EA8 /* xmlparse.c */; };
		E8203CAF2093527B008C4EA8 /* siphash.h in Headers */ = {isa = PBXBuildFile; fileRef = E8203CAE2093527B008C4EA8 /* siphash.h */; };
		E8FB77441971609A00E0557D /* SwiftyExpat.h in Headers */ = {isa = PBXBuildFile; fileRef = E8FB77431971609A00E0557D /* SwiftyExpat.h */; settings = {ATTRIBUTES = (Public, ); }; };
		E8FB77941971767500E0557D /* SwiftyExpatTests.swift in Sources */ = {isa = PBXBuildFile; fileRef = E8FB77931971767500E0557D /* SwiftyExpatTests.swift */; };
		E8FB77951971767500E0557D /* SwiftyExpat.framework in Frameworks */ = {isa = PBXBuildFile; fileRef = E8FB773E1971609A00E0557D /* SwiftyExpat.framework */; };
/* End PBXBuildFile section */

/* Begin PBXContainerItemProxy section */
		E8D566201974225F0019A103 /* PBXContainerItemProxy */ = {
			isa = PBXContainerItemProxy;
			containerPortal = E8FB77351971609A00E0557D /* Project object */;
			proxyType = 1;
			remoteGlobalIDString = E8FB773D1971609A00E0557D;
			remoteInfo = SwiftyExpat;
		};
		E8D56622197422600019A103 /* PBXContainerItemProxy */ = {
			isa = PBXContainerItemProxy;
			containerPortal = E8FB77351971609A00E0557D /* Project object */;
			proxyType = 1;
			remoteGlobalIDString = E8FB773D1971609A00E0557D;
			remoteInfo = SwiftyExpat;
		};
		E8D56624197422660019A103 /* PBXContainerItemProxy */ = {
			isa = PBXContainerItemProxy;
			containerPortal = E8FB77351971609A00E0557D /* Project object */;
			proxyType = 1;
			remoteGlobalIDString = E8FB773D1971609A00E0557D;
			remoteInfo = SwiftyExpat;
		};
		E8FB77961971767500E0557D /* PBXContainerItemProxy */ = {
			isa = PBXContainerItemProxy;
			containerPortal = E8FB77351971609A00E0557D /* Project object */;
			proxyType = 1;
			remoteGlobalIDString = E8FB773D1971609A00E0557D;
			remoteInfo = SwiftyExpat;
		};
/* End PBXContainerItemProxy section */

/* Begin PBXFileReference section */
		E8203C8220933AE8008C4EA8 /* expat.h */ = {isa = PBXFileReference; fileEncoding = 4; lastKnownFileType = sourcecode.c.h; name = expat.h; path = Sources/Expat/include/expat.h; sourceTree = SOURCE_ROOT; };
		E8203C8420933B03008C4EA8 /* Expat.swift */ = {isa = PBXFileReference; fileEncoding = 4; lastKnownFileType = sourcecode.swift; name = Expat.swift; path = Sources/SwiftyExpat/Expat.swift; sourceTree = SOURCE_ROOT; };
		E8203C8520933B03008C4EA8 /* SwiftExtensions.swift */ = {isa = PBXFileReference; fileEncoding = 4; lastKnownFileType = sourcecode.swift; name = SwiftExtensions.swift; path = Sources/SwiftyExpat/SwiftExtensions.swift; sourceTree = SOURCE_ROOT; };
		E8203C8820933B1F008C4EA8 /* Changes */ = {isa = PBXFileReference; fileEncoding = 4; lastKnownFileType = text; name = Changes; path = Sources/Expat/Changes; sourceTree = SOURCE_ROOT; };
		E8203C8920933B1F008C4EA8 /* COPYING */ = {isa = PBXFileReference; fileEncoding = 4; lastKnownFileType = text; name = COPYING; path = Sources/Expat/COPYING; sourceTree = SOURCE_ROOT; };
		E8203C8C20933B3B008C4EA8 /* latin1tab.h */ = {isa = PBXFileReference; fileEncoding = 4; lastKnownFileType = sourcecode.c.h; name = latin1tab.h; path = Sources/Expat/latin1tab.h; sourceTree = SOURCE_ROOT; };
		E8203C8D20933B3B008C4EA8 /* asciitab.h */ = {isa = PBXFileReference; fileEncoding = 4; lastKnownFileType = sourcecode.c.h; name = asciitab.h; path = Sources/Expat/asciitab.h; sourceTree = SOURCE_ROOT; };
		E8203C8E20933B3B008C4EA8 /* iasciitab.h */ = {isa = PBXFileReference; fileEncoding = 4; lastKnownFileType = sourcecode.c.h; name = iasciitab.h; path = Sources/Expat/iasciitab.h; sourceTree = SOURCE_ROOT; };
		E8203C8F20933B3B008C4EA8 /* utf8tab.h */ = {isa = PBXFileReference; fileEncoding = 4; lastKnownFileType = sourcecode.c.h; name = utf8tab.h; path = Sources/Expat/utf8tab.h; sourceTree = SOURCE_ROOT; };
		E8203C9420933B61008C4EA8 /* xmltok.h */ = {isa = PBXFileReference; fileEncoding = 4; lastKnownFileType = sourcecode.c.h; name = xmltok.h; path = Sources/Expat/xmltok.h; sourceTree = SOURCE_ROOT; };
		E8203C9520933B61008C4EA8 /* expat_config.h */ = {isa = PBXFileReference; fileEncoding = 4; lastKnownFileType = sourcecode.c.h; name = expat_config.h; path = Sources/Expat/expat_config.h; sourceTree = SOURCE_ROOT; };
		E8203C9620933B61008C4EA8 /* xmltok_impl.c */ = {isa = PBXFileReference; fileEncoding = 4; lastKnownFileType = sourcecode.c.c; name = xmltok_impl.c; path = Sources/Expat/xmltok_impl.c; sourceTree = SOURCE_ROOT; };
		E8203C9720933B61008C4EA8 /* xmltok_ns.c */ = {isa = PBXFileReference; fileEncoding = 4; lastKnownFileType = sourcecode.c.c; name = xmltok_ns.c; path = Sources/Expat/xmltok_ns.c; sourceTree = SOURCE_ROOT; };
		E8203C9820933B61008C4EA8 /* internal.h */ = {isa = PBXFileReference; fileEncoding = 4; lastKnownFileType = sourcecode.c.h; name = internal.h; path = Sources/Expat/internal.h; sourceTree = SOURCE_ROOT; };
		E8203C9920933B61008C4EA8 /* expat_external.h */ = {isa = PBXFileReference; fileEncoding = 4; lastKnownFileType = sourcecode.c.h; name = expat_external.h; path = Sources/Expat/include/expat_external.h; sourceTree = SOURCE_ROOT; };
		E8203C9A20933B61008C4EA8 /* xmlrole.c */ = {isa = PBXFileReference; fileEncoding = 4; lastKnownFileType = sourcecode.c.c; name = xmlrole.c; path = Sources/Expat/xmlrole.c; sourceTree = SOURCE_ROOT; };
		E8203C9B20933B61008C4EA8 /* xmlrole.h */ = {isa = PBXFileReference; fileEncoding = 4; lastKnownFileType = sourcecode.c.h; name = xmlrole.h; path = Sources/Expat/xmlrole.h; sourceTree = SOURCE_ROOT; };
		E8203C9C20933B61008C4EA8 /* ascii.h */ = {isa = PBXFileReference; fileEncoding = 4; lastKnownFileType = sourcecode.c.h; name = ascii.h; path = Sources/Expat/ascii.h; sourceTree = SOURCE_ROOT; };
		E8203C9D20933B61008C4EA8 /* nametab.h */ = {isa = PBXFileReference; fileEncoding = 4; lastKnownFileType = sourcecode.c.h; name = nametab.h; path = Sources/Expat/nametab.h; sourceTree = SOURCE_ROOT; };
		E8203C9E20933B61008C4EA8 /* xmltok_impl.h */ = {isa = PBXFileReference; fileEncoding = 4; lastKnownFileType = sourcecode.c.h; name = xmltok_impl.h; path = Sources/Expat/xmltok_impl.h; sourceTree = SOURCE_ROOT; };
		E8203C9F20933B61008C4EA8 /* xmltok.c */ = {isa = PBXFileReference; fileEncoding = 4; lastKnownFileType = sourcecode.c.c; name = xmltok.c; path = Sources/Expat/xmltok.c; sourceTree = SOURCE_ROOT; };
		E8203CA020933B62008C4EA8 /* xmlparse.c */ = {isa = PBXFileReference; fileEncoding = 4; lastKnownFileType = sourcecode.c.c; name = xmlparse.c; path = Sources/Expat/xmlparse.c; sourceTree = SOURCE_ROOT; };
		E8203CAE2093527B008C4EA8 /* siphash.h */ = {isa = PBXFileReference; fileEncoding = 4; lastKnownFileType = sourcecode.c.h; path = siphash.h; sourceTree = "<group>"; };
		E8C667EF19757C40004EFA0C /* README.md */ = {isa = PBXFileReference; lastKnownFileType = net.daringfireball.markdown; path = README.md; sourceTree = "<group>"; };
		E8FB773E1971609A00E0557D /* SwiftyExpat.framework */ = {isa = PBXFileReference; explicitFileType = wrapper.framework; includeInIndex = 0; path = SwiftyExpat.framework; sourceTree = BUILT_PRODUCTS_DIR; };
		E8FB77421971609A00E0557D /* Info.plist */ = {isa = PBXFileReference; lastKnownFileType = text.plist.xml; path = Info.plist; sourceTree = "<group>"; };
		E8FB77431971609A00E0557D /* SwiftyExpat.h */ = {isa = PBXFileReference; lastKnownFileType = sourcecode.c.h; path = SwiftyExpat.h; sourceTree = "<group>"; };
		E8FB778F1971767500E0557D /* SwiftyExpatTests.xctest */ = {isa = PBXFileReference; explicitFileType = wrapper.cfbundle; includeInIndex = 0; path = SwiftyExpatTests.xctest; sourceTree = BUILT_PRODUCTS_DIR; };
		E8FB77921971767500E0557D /* Info.plist */ = {isa = PBXFileReference; lastKnownFileType = text.plist.xml; path = Info.plist; sourceTree = "<group>"; };
		E8FB77931971767500E0557D /* SwiftyExpatTests.swift */ = {isa = PBXFileReference; lastKnownFileType = sourcecode.swift; path = SwiftyExpatTests.swift; sourceTree = "<group>"; };
/* End PBXFileReference section */

/* Begin PBXFrameworksBuildPhase section */
		E8FB773A1971609A00E0557D /* Frameworks */ = {
			isa = PBXFrameworksBuildPhase;
			buildActionMask = 2147483647;
			files = (
			);
			runOnlyForDeploymentPostprocessing = 0;
		};
		E8FB778C1971767500E0557D /* Frameworks */ = {
			isa = PBXFrameworksBuildPhase;
			buildActionMask = 2147483647;
			files = (
				E8FB77951971767500E0557D /* SwiftyExpat.framework in Frameworks */,
			);
			runOnlyForDeploymentPostprocessing = 0;
		};
/* End PBXFrameworksBuildPhase section */

/* Begin PBXGroup section */
		E8FB77341971609A00E0557D = {
			isa = PBXGroup;
			children = (
				E8C667EF19757C40004EFA0C /* README.md */,
				E8FB77401971609A00E0557D /* SwiftyExpat */,
				E8FB77901971767500E0557D /* SwiftyExpatTests */,
				E8FB773F1971609A00E0557D /* Products */,
			);
			sourceTree = "<group>";
		};
		E8FB773F1971609A00E0557D /* Products */ = {
			isa = PBXGroup;
			children = (
				E8FB773E1971609A00E0557D /* SwiftyExpat.framework */,
				E8FB778F1971767500E0557D /* SwiftyExpatTests.xctest */,
			);
			name = Products;
			sourceTree = "<group>";
		};
		E8FB77401971609A00E0557D /* SwiftyExpat */ = {
			isa = PBXGroup;
			children = (
				E8203C8420933B03008C4EA8 /* Expat.swift */,
				E8203C8520933B03008C4EA8 /* SwiftExtensions.swift */,
				E8203C8220933AE8008C4EA8 /* expat.h */,
				E8FB77431971609A00E0557D /* SwiftyExpat.h */,
				E8FB775E1971667F00E0557D /* expat */,
				E8FB77411971609A00E0557D /* Supporting Files */,
			);
			path = SwiftyExpat;
			sourceTree = "<group>";
		};
		E8FB77411971609A00E0557D /* Supporting Files */ = {
			isa = PBXGroup;
			children = (
				E8FB77421971609A00E0557D /* Info.plist */,
			);
			name = "Supporting Files";
			sourceTree = "<group>";
		};
		E8FB775E1971667F00E0557D /* expat */ = {
			isa = PBXGroup;
			children = (
				E8203C8820933B1F008C4EA8 /* Changes */,
				E8203C8920933B1F008C4EA8 /* COPYING */,
				E8FB7787197166E600E0557D /* char tables */,
				E8FB779F1971E5EE00E0557D /* implementation */,
			);
			name = expat;
			path = ../Sources/Expat;
			sourceTree = "<group>";
		};
		E8FB7787197166E600E0557D /* char tables */ = {
			isa = PBXGroup;
			children = (
				E8203C8D20933B3B008C4EA8 /* asciitab.h */,
				E8203C8E20933B3B008C4EA8 /* iasciitab.h */,
				E8203C8C20933B3B008C4EA8 /* latin1tab.h */,
				E8203C8F20933B3B008C4EA8 /* utf8tab.h */,
			);
			name = "char tables";
			sourceTree = "<group>";
		};
		E8FB77901971767500E0557D /* SwiftyExpatTests */ = {
			isa = PBXGroup;
			children = (
				E8FB77931971767500E0557D /* SwiftyExpatTests.swift */,
				E8FB77911971767500E0557D /* Supporting Files */,
			);
			path = SwiftyExpatTests;
			sourceTree = "<group>";
		};
		E8FB77911971767500E0557D /* Supporting Files */ = {
			isa = PBXGroup;
			children = (
				E8FB77921971767500E0557D /* Info.plist */,
			);
			name = "Supporting Files";
			sourceTree = "<group>";
		};
		E8FB779F1971E5EE00E0557D /* implementation */ = {
			isa = PBXGroup;
			children = (
				E8203C9C20933B61008C4EA8 /* ascii.h */,
				E8203C9520933B61008C4EA8 /* expat_config.h */,
				E8203C9920933B61008C4EA8 /* expat_external.h */,
				E8203C9820933B61008C4EA8 /* internal.h */,
				E8203C9D20933B61008C4EA8 /* nametab.h */,
				E8203CAE2093527B008C4EA8 /* siphash.h */,
				E8203CA020933B62008C4EA8 /* xmlparse.c */,
				E8203C9A20933B61008C4EA8 /* xmlrole.c */,
				E8203C9B20933B61008C4EA8 /* xmlrole.h */,
				E8203C9620933B61008C4EA8 /* xmltok_impl.c */,
				E8203C9E20933B61008C4EA8 /* xmltok_impl.h */,
				E8203C9720933B61008C4EA8 /* xmltok_ns.c */,
				E8203C9F20933B61008C4EA8 /* xmltok.c */,
				E8203C9420933B61008C4EA8 /* xmltok.h */,
			);
			name = implementation;
			sourceTree = "<group>";
		};
/* End PBXGroup section */

/* Begin PBXHeadersBuildPhase section */
		E8FB773B1971609A00E0557D /* Headers */ = {
			isa = PBXHeadersBuildPhase;
			buildActionMask = 2147483647;
			files = (
				E8203C9120933B3B008C4EA8 /* asciitab.h in Headers */,
				E8203CA620933B62008C4EA8 /* expat_external.h in Headers */,
				E8203CAA20933B62008C4EA8 /* nametab.h in Headers */,
				E8203C9020933B3B008C4EA8 /* latin1tab.h in Headers */,
				E8203CAF2093527B008C4EA8 /* siphash.h in Headers */,
				E8203C8320933AE8008C4EA8 /* expat.h in Headers */,
				E8203CA920933B62008C4EA8 /* ascii.h in Headers */,
				E8203CAB20933B62008C4EA8 /* xmltok_impl.h in Headers */,
				E8203CA120933B62008C4EA8 /* xmltok.h in Headers */,
				E8203CA520933B62008C4EA8 /* internal.h in Headers */,
				E8203C9220933B3B008C4EA8 /* iasciitab.h in Headers */,
				E8203CA820933B62008C4EA8 /* xmlrole.h in Headers */,
				E8203C9320933B3B008C4EA8 /* utf8tab.h in Headers */,
				E8FB77441971609A00E0557D /* SwiftyExpat.h in Headers */,
				E8203CA220933B62008C4EA8 /* expat_config.h in Headers */,
			);
			runOnlyForDeploymentPostprocessing = 0;
		};
/* End PBXHeadersBuildPhase section */

/* Begin PBXNativeTarget section */
		E8FB773D1971609A00E0557D /* SwiftyExpat */ = {
			isa = PBXNativeTarget;
			buildConfigurationList = E8FB77541971609A00E0557D /* Build configuration list for PBXNativeTarget "SwiftyExpat" */;
			buildPhases = (
				E8FB77391971609A00E0557D /* Sources */,
				E8FB773A1971609A00E0557D /* Frameworks */,
				E8FB773B1971609A00E0557D /* Headers */,
				E8FB773C1971609A00E0557D /* Resources */,
			);
			buildRules = (
			);
			dependencies = (
			);
			name = SwiftyExpat;
			productName = SwiftyExpat;
			productReference = E8FB773E1971609A00E0557D /* SwiftyExpat.framework */;
			productType = "com.apple.product-type.framework";
		};
		E8FB778E1971767500E0557D /* SwiftyExpatTests */ = {
			isa = PBXNativeTarget;
			buildConfigurationList = E8FB779A1971767500E0557D /* Build configuration list for PBXNativeTarget "SwiftyExpatTests" */;
			buildPhases = (
				E8FB778B1971767500E0557D /* Sources */,
				E8FB778C1971767500E0557D /* Frameworks */,
				E8FB778D1971767500E0557D /* Resources */,
			);
			buildRules = (
			);
			dependencies = (
				E8FB77971971767500E0557D /* PBXTargetDependency */,
				E8D566211974225F0019A103 /* PBXTargetDependency */,
				E8D56623197422600019A103 /* PBXTargetDependency */,
				E8D56625197422660019A103 /* PBXTargetDependency */,
			);
			name = SwiftyExpatTests;
			productName = SwiftyExpatTests;
			productReference = E8FB778F1971767500E0557D /* SwiftyExpatTests.xctest */;
			productType = "com.apple.product-type.bundle.unit-test";
		};
/* End PBXNativeTarget section */

/* Begin PBXProject section */
		E8FB77351971609A00E0557D /* Project object */ = {
			isa = PBXProject;
			attributes = {
				LastSwiftUpdateCheck = 0700;
				LastUpgradeCheck = 1110;
				ORGANIZATIONNAME = "Always Right Institute";
				TargetAttributes = {
					E8FB773D1971609A00E0557D = {
						CreatedOnToolsVersion = 6.0;
						LastSwiftMigration = 1110;
					};
					E8FB778E1971767500E0557D = {
						CreatedOnToolsVersion = 6.0;
						LastSwiftMigration = 1110;
						TestTargetID = E8FB773D1971609A00E0557D;
					};
				};
			};
			buildConfigurationList = E8FB77381971609A00E0557D /* Build configuration list for PBXProject "SwiftyExpat" */;
			compatibilityVersion = "Xcode 3.2";
			developmentRegion = en;
			hasScannedForEncodings = 0;
			knownRegions = (
				en,
				Base,
			);
			mainGroup = E8FB77341971609A00E0557D;
			productRefGroup = E8FB773F1971609A00E0557D /* Products */;
			projectDirPath = "";
			projectRoot = "";
			targets = (
				E8FB773D1971609A00E0557D /* SwiftyExpat */,
				E8FB778E1971767500E0557D /* SwiftyExpatTests */,
			);
		};
/* End PBXProject section */

/* Begin PBXResourcesBuildPhase section */
		E8FB773C1971609A00E0557D /* Resources */ = {
			isa = PBXResourcesBuildPhase;
			buildActionMask = 2147483647;
			files = (
				E8203C8B20933B20008C4EA8 /* COPYING in Resources */,
				E8203C8A20933B20008C4EA8 /* Changes in Resources */,
			);
			runOnlyForDeploymentPostprocessing = 0;
		};
		E8FB778D1971767500E0557D /* Resources */ = {
			isa = PBXResourcesBuildPhase;
			buildActionMask = 2147483647;
			files = (
			);
			runOnlyForDeploymentPostprocessing = 0;
		};
/* End PBXResourcesBuildPhase section */

/* Begin PBXSourcesBuildPhase section */
		E8FB77391971609A00E0557D /* Sources */ = {
			isa = PBXSourcesBuildPhase;
			buildActionMask = 2147483647;
			files = (
				E8203C8620933B03008C4EA8 /* Expat.swift in Sources */,
				E8203CA320933B62008C4EA8 /* xmltok_impl.c in Sources */,
				E8203CA720933B62008C4EA8 /* xmlrole.c in Sources */,
				E8203CAC20933B62008C4EA8 /* xmltok.c in Sources */,
				E8203CAD20933B62008C4EA8 /* xmlparse.c in Sources */,
				E8203C8720933B03008C4EA8 /* SwiftExtensions.swift in Sources */,
				E8203CA420933B62008C4EA8 /* xmltok_ns.c in Sources */,
			);
			runOnlyForDeploymentPostprocessing = 0;
		};
		E8FB778B1971767500E0557D /* Sources */ = {
			isa = PBXSourcesBuildPhase;
			buildActionMask = 2147483647;
			files = (
				E8FB77941971767500E0557D /* SwiftyExpatTests.swift in Sources */,
			);
			runOnlyForDeploymentPostprocessing = 0;
		};
/* End PBXSourcesBuildPhase section */

/* Begin PBXTargetDependency section */
		E8D566211974225F0019A103 /* PBXTargetDependency */ = {
			isa = PBXTargetDependency;
			target = E8FB773D1971609A00E0557D /* SwiftyExpat */;
			targetProxy = E8D566201974225F0019A103 /* PBXContainerItemProxy */;
		};
		E8D56623197422600019A103 /* PBXTargetDependency */ = {
			isa = PBXTargetDependency;
			target = E8FB773D1971609A00E0557D /* SwiftyExpat */;
			targetProxy = E8D56622197422600019A103 /* PBXContainerItemProxy */;
		};
		E8D56625197422660019A103 /* PBXTargetDependency */ = {
			isa = PBXTargetDependency;
			target = E8FB773D1971609A00E0557D /* SwiftyExpat */;
			targetProxy = E8D56624197422660019A103 /* PBXContainerItemProxy */;
		};
		E8FB77971971767500E0557D /* PBXTargetDependency */ = {
			isa = PBXTargetDependency;
			target = E8FB773D1971609A00E0557D /* SwiftyExpat */;
			targetProxy = E8FB77961971767500E0557D /* PBXContainerItemProxy */;
		};
/* End PBXTargetDependency section */

/* Begin XCBuildConfiguration section */
		E8FB77521971609A00E0557D /* Debug */ = {
			isa = XCBuildConfiguration;
			buildSettings = {
				ALWAYS_SEARCH_USER_PATHS = NO;
				CLANG_ANALYZER_LOCALIZABILITY_NONLOCALIZED = YES;
				CLANG_CXX_LANGUAGE_STANDARD = "gnu++0x";
				CLANG_CXX_LIBRARY = "libc++";
				CLANG_ENABLE_MODULES = YES;
				CLANG_ENABLE_OBJC_ARC = YES;
				CLANG_WARN_BLOCK_CAPTURE_AUTORELEASING = YES;
				CLANG_WARN_BOOL_CONVERSION = YES;
				CLANG_WARN_COMMA = YES;
				CLANG_WARN_CONSTANT_CONVERSION = YES;
				CLANG_WARN_DEPRECATED_OBJC_IMPLEMENTATIONS = YES;
				CLANG_WARN_DIRECT_OBJC_ISA_USAGE = YES_ERROR;
				CLANG_WARN_EMPTY_BODY = YES;
				CLANG_WARN_ENUM_CONVERSION = YES;
				CLANG_WARN_INFINITE_RECURSION = YES;
				CLANG_WARN_INT_CONVERSION = YES;
				CLANG_WARN_NON_LITERAL_NULL_CONVERSION = YES;
				CLANG_WARN_OBJC_IMPLICIT_RETAIN_SELF = YES;
				CLANG_WARN_OBJC_LITERAL_CONVERSION = YES;
				CLANG_WARN_OBJC_ROOT_CLASS = YES_ERROR;
				CLANG_WARN_RANGE_LOOP_ANALYSIS = YES;
				CLANG_WARN_STRICT_PROTOTYPES = YES;
				CLANG_WARN_SUSPICIOUS_MOVE = YES;
				CLANG_WARN_UNREACHABLE_CODE = YES;
				CLANG_WARN__DUPLICATE_METHOD_MATCH = YES;
				COPY_PHASE_STRIP = NO;
				CURRENT_PROJECT_VERSION = 1;
				ENABLE_STRICT_OBJC_MSGSEND = YES;
				ENABLE_TESTABILITY = YES;
				GCC_C_LANGUAGE_STANDARD = gnu99;
				GCC_DYNAMIC_NO_PIC = NO;
				GCC_NO_COMMON_BLOCKS = YES;
				GCC_OPTIMIZATION_LEVEL = 0;
				GCC_PREPROCESSOR_DEFINITIONS = (
					"DEBUG=1",
					"$(inherited)",
				);
				GCC_SYMBOLS_PRIVATE_EXTERN = NO;
				GCC_WARN_64_TO_32_BIT_CONVERSION = YES;
				GCC_WARN_ABOUT_RETURN_TYPE = YES_ERROR;
				GCC_WARN_UNDECLARED_SELECTOR = YES;
				GCC_WARN_UNINITIALIZED_AUTOS = YES_AGGRESSIVE;
				GCC_WARN_UNUSED_FUNCTION = YES;
				GCC_WARN_UNUSED_VARIABLE = YES;
				MACOSX_DEPLOYMENT_TARGET = 10.9;
				MTL_ENABLE_DEBUG_INFO = YES;
				ONLY_ACTIVE_ARCH = YES;
				OTHER_CFLAGS = (
					"-D",
					HAVE_EXPAT_CONFIG_H,
				);
				OTHER_SWIFT_FLAGS = "-DXcode";
				SDKROOT = macosx;
				SWIFT_OPTIMIZATION_LEVEL = "-Onone";
				SWIFT_VERSION = 4.0;
				VERSIONING_SYSTEM = "apple-generic";
				VERSION_INFO_PREFIX = "";
			};
			name = Debug;
		};
		E8FB77531971609A00E0557D /* Release */ = {
			isa = XCBuildConfiguration;
			buildSettings = {
				ALWAYS_SEARCH_USER_PATHS = NO;
				CLANG_ANALYZER_LOCALIZABILITY_NONLOCALIZED = YES;
				CLANG_CXX_LANGUAGE_STANDARD = "gnu++0x";
				CLANG_CXX_LIBRARY = "libc++";
				CLANG_ENABLE_MODULES = YES;
				CLANG_ENABLE_OBJC_ARC = YES;
				CLANG_WARN_BLOCK_CAPTURE_AUTORELEASING = YES;
				CLANG_WARN_BOOL_CONVERSION = YES;
				CLANG_WARN_COMMA = YES;
				CLANG_WARN_CONSTANT_CONVERSION = YES;
				CLANG_WARN_DEPRECATED_OBJC_IMPLEMENTATIONS = YES;
				CLANG_WARN_DIRECT_OBJC_ISA_USAGE = YES_ERROR;
				CLANG_WARN_EMPTY_BODY = YES;
				CLANG_WARN_ENUM_CONVERSION = YES;
				CLANG_WARN_INFINITE_RECURSION = YES;
				CLANG_WARN_INT_CONVERSION = YES;
				CLANG_WARN_NON_LITERAL_NULL_CONVERSION = YES;
				CLANG_WARN_OBJC_IMPLICIT_RETAIN_SELF = YES;
				CLANG_WARN_OBJC_LITERAL_CONVERSION = YES;
				CLANG_WARN_OBJC_ROOT_CLASS = YES_ERROR;
				CLANG_WARN_RANGE_LOOP_ANALYSIS = YES;
				CLANG_WARN_STRICT_PROTOTYPES = YES;
				CLANG_WARN_SUSPICIOUS_MOVE = YES;
				CLANG_WARN_UNREACHABLE_CODE = YES;
				CLANG_WARN__DUPLICATE_METHOD_MATCH = YES;
				COPY_PHASE_STRIP = YES;
				CURRENT_PROJECT_VERSION = 1;
				DEBUG_INFORMATION_FORMAT = "dwarf-with-dsym";
				ENABLE_NS_ASSERTIONS = NO;
				ENABLE_STRICT_OBJC_MSGSEND = YES;
				GCC_C_LANGUAGE_STANDARD = gnu99;
				GCC_NO_COMMON_BLOCKS = YES;
				GCC_WARN_64_TO_32_BIT_CONVERSION = YES;
				GCC_WARN_ABOUT_RETURN_TYPE = YES_ERROR;
				GCC_WARN_UNDECLARED_SELECTOR = YES;
				GCC_WARN_UNINITIALIZED_AUTOS = YES_AGGRESSIVE;
				GCC_WARN_UNUSED_FUNCTION = YES;
				GCC_WARN_UNUSED_VARIABLE = YES;
				MACOSX_DEPLOYMENT_TARGET = 10.9;
				MTL_ENABLE_DEBUG_INFO = NO;
				OTHER_CFLAGS = (
					"-D",
					HAVE_EXPAT_CONFIG_H,
				);
				OTHER_SWIFT_FLAGS = "-DXcode";
				SDKROOT = macosx;
				SWIFT_OPTIMIZATION_LEVEL = "-Owholemodule";
				SWIFT_VERSION = 4.0;
				VERSIONING_SYSTEM = "apple-generic";
				VERSION_INFO_PREFIX = "";
			};
			name = Release;
		};
		E8FB77551971609A00E0557D /* Debug */ = {
			isa = XCBuildConfiguration;
			buildSettings = {
				CLANG_ENABLE_MODULES = YES;
				COMBINE_HIDPI_IMAGES = YES;
				DEFINES_MODULE = YES;
				DYLIB_COMPATIBILITY_VERSION = 1;
				DYLIB_CURRENT_VERSION = 1;
				DYLIB_INSTALL_NAME_BASE = "@rpath";
				FRAMEWORK_VERSION = A;
				INFOPLIST_FILE = SwiftyExpat/Info.plist;
				INSTALL_PATH = "$(LOCAL_LIBRARY_DIR)/Frameworks";
				LD_RUNPATH_SEARCH_PATHS = "$(inherited) @executable_path/../Frameworks @loader_path/Frameworks";
				PRODUCT_BUNDLE_IDENTIFIER = "de.alwaysrightinstitute.${PRODUCT_NAME:rfc1034identifier}";
				PRODUCT_NAME = "$(TARGET_NAME)";
				SKIP_INSTALL = YES;
				SWIFT_OPTIMIZATION_LEVEL = "-Onone";
				SWIFT_VERSION = 4.0;
			};
			name = Debug;
		};
		E8FB77561971609A00E0557D /* Release */ = {
			isa = XCBuildConfiguration;
			buildSettings = {
				CLANG_ENABLE_MODULES = YES;
				COMBINE_HIDPI_IMAGES = YES;
				DEFINES_MODULE = YES;
				DYLIB_COMPATIBILITY_VERSION = 1;
				DYLIB_CURRENT_VERSION = 1;
				DYLIB_INSTALL_NAME_BASE = "@rpath";
				FRAMEWORK_VERSION = A;
				INFOPLIST_FILE = SwiftyExpat/Info.plist;
				INSTALL_PATH = "$(LOCAL_LIBRARY_DIR)/Frameworks";
				LD_RUNPATH_SEARCH_PATHS = "$(inherited) @executable_path/../Frameworks @loader_path/Frameworks";
				PRODUCT_BUNDLE_IDENTIFIER = "de.alwaysrightinstitute.${PRODUCT_NAME:rfc1034identifier}";
				PRODUCT_NAME = "$(TARGET_NAME)";
				SKIP_INSTALL = YES;
				SWIFT_VERSION = 4.0;
			};
			name = Release;
		};
		E8FB77981971767500E0557D /* Debug */ = {
			isa = XCBuildConfiguration;
			buildSettings = {
				COMBINE_HIDPI_IMAGES = YES;
				FRAMEWORK_SEARCH_PATHS = (
					"$(DEVELOPER_FRAMEWORKS_DIR)",
					"$(inherited)",
				);
				GCC_PREPROCESSOR_DEFINITIONS = (
					"DEBUG=1",
					"$(inherited)",
				);
				INFOPLIST_FILE = SwiftyExpatTests/Info.plist;
				LD_RUNPATH_SEARCH_PATHS = "$(inherited) @executable_path/../Frameworks @loader_path/../Frameworks";
				PRODUCT_BUNDLE_IDENTIFIER = "de.alwaysrightinstitute.${PRODUCT_NAME:rfc1034identifier}";
				PRODUCT_NAME = "$(TARGET_NAME)";
			};
			name = Debug;
		};
		E8FB77991971767500E0557D /* Release */ = {
			isa = XCBuildConfiguration;
			buildSettings = {
				COMBINE_HIDPI_IMAGES = YES;
				FRAMEWORK_SEARCH_PATHS = (
					"$(DEVELOPER_FRAMEWORKS_DIR)",
					"$(inherited)",
				);
				INFOPLIST_FILE = SwiftyExpatTests/Info.plist;
				LD_RUNPATH_SEARCH_PATHS = "$(inherited) @executable_path/../Frameworks @loader_path/../Frameworks";
				PRODUCT_BUNDLE_IDENTIFIER = "de.alwaysrightinstitute.${PRODUCT_NAME:rfc1034identifier}";
				PRODUCT_NAME = "$(TARGET_NAME)";
			};
			name = Release;
		};
/* End XCBuildConfiguration section */

/* Begin XCConfigurationList section */
		E8FB77381971609A00E0557D /* Build configuration list for PBXProject "SwiftyExpat" */ = {
			isa = XCConfigurationList;
			buildConfigurations = (
				E8FB77521971609A00E0557D /* Debug */,
				E8FB77531971609A00E0557D /* Release */,
			);
			defaultConfigurationIsVisible = 0;
			defaultConfigurationName = Release;
		};
		E8FB77541971609A00E0557D /* Build configuration list for PBXNativeTarget "SwiftyExpat" */ = {
			isa = XCConfigurationList;
			buildConfigurations = (
				E8FB77551971609A00E0557D /* Debug */,
				E8FB77561971609A00E0557D /* Release */,
			);
			defaultConfigurationIsVisible = 0;
			defaultConfigurationName = Release;
		};
		E8FB779A1971767500E0557D /* Build configuration list for PBXNativeTarget "SwiftyExpatTests" */ = {
			isa = XCConfigurationList;
			buildConfigurations = (
				E8FB77981971767500E0557D /* Debug */,
				E8FB77991971767500E0557D /* Release */,
			);
			defaultConfigurationIsVisible = 0;
			defaultConfigurationName = Release;
		};
/* End XCConfigurationList section */
	};
	rootObject = E8FB77351971609A00E0557D /* Project object */;
}
